
Microsoft Visual Studio Solution File, Format Version 12.00
# Visual Studio Version 17
VisualStudioVersion = 17.0.31903.59
MinimumVisualStudioVersion = 10.0.40219.1
Project("{FAE04EC0-301F-11D3-BF4B-00C04F79EFBC}") = "Danse konkurrence", "Danse konkurrence\Danse konkurrence.csproj", "{D051E881-83E8-42B1-B5E8-F1BFA8BB3FCD}"
EndProject
Global
	GlobalSection(SolutionConfigurationPlatforms) = preSolution
		Debug|Any CPU = Debug|Any CPU
		Release|Any CPU = Release|Any CPU
	EndGlobalSection
	GlobalSection(ProjectConfigurationPlatforms) = postSolution
		{D051E881-83E8-42B1-B5E8-F1BFA8BB3FCD}.Debug|Any CPU.ActiveCfg = Debug|Any CPU
		{D051E881-83E8-42B1-B5E8-F1BFA8BB3FCD}.Debug|Any CPU.Build.0 = Debug|Any CPU
		{D051E881-83E8-42B1-B5E8-F1BFA8BB3FCD}.Release|Any CPU.ActiveCfg = Release|Any CPU
		{D051E881-83E8-42B1-B5E8-F1BFA8BB3FCD}.Release|Any CPU.Build.0 = Release|Any CPU
	EndGlobalSection
	GlobalSection(SolutionProperties) = preSolution
		HideSolutionNode = FALSE
	EndGlobalSection
	GlobalSection(ExtensibilityGlobals) = postSolution
		SolutionGuid = {52B85E1B-5AA7-4897-95F3-EFEC819C2DE6}
	EndGlobalSection
EndGlobal
